
Microsoft Visual Studio Solution File, Format Version 12.00
# Visual Studio Version 16
VisualStudioVersion = 16.0.31410.357
MinimumVisualStudioVersion = 10.0.40219.1
Project("{FAE04EC0-301F-11D3-BF4B-00C04F79EFBC}") = "CinemaWebSite", "CinemaWebSite\CinemaWebSite.csproj", "{2D7860F9-EA7F-4902-955D-CC1BC158B3E6}"
EndProject
Global
	GlobalSection(SolutionConfigurationPlatforms) = preSolution
		Debug|Any CPU = Debug|Any CPU
		Release|Any CPU = Release|Any CPU
	EndGlobalSection
	GlobalSection(ProjectConfigurationPlatforms) = postSolution
		{2D7860F9-EA7F-4902-955D-CC1BC158B3E6}.Debug|Any CPU.ActiveCfg = Debug|Any CPU
		{2D7860F9-EA7F-4902-955D-CC1BC158B3E6}.Debug|Any CPU.Build.0 = Debug|Any CPU
		{2D7860F9-EA7F-4902-955D-CC1BC158B3E6}.Release|Any CPU.ActiveCfg = Release|Any CPU
		{2D7860F9-EA7F-4902-955D-CC1BC158B3E6}.Release|Any CPU.Build.0 = Release|Any CPU
	EndGlobalSection
	GlobalSection(SolutionProperties) = preSolution
		HideSolutionNode = FALSE
	EndGlobalSection
	GlobalSection(ExtensibilityGlobals) = postSolution
		SolutionGuid = {636348A6-9070-48D6-87D8-DC3AB2972955}
	EndGlobalSection
EndGlobal
